
Microsoft Visual Studio Solution File, Format Version 12.00
# Visual Studio 15
VisualStudioVersion = 15.0.28307.645
MinimumVisualStudioVersion = 10.0.40219.1
Project("{FAE04EC0-301F-11D3-BF4B-00C04F79EFBC}") = "WindowsFormsAppTYp", "WindowsFormsAppTYp\WindowsFormsAppTYp.csproj", "{607DD0EB-7D42-449D-90D6-9C4EFD879A57}"
EndProject
Global
	GlobalSection(SolutionConfigurationPlatforms) = preSolution
		Debug|Any CPU = Debug|Any CPU
		Release|Any CPU = Release|Any CPU
	EndGlobalSection
	GlobalSection(ProjectConfigurationPlatforms) = postSolution
		{607DD0EB-7D42-449D-90D6-9C4EFD879A57}.Debug|Any CPU.ActiveCfg = Debug|Any CPU
		{607DD0EB-7D42-449D-90D6-9C4EFD879A57}.Debug|Any CPU.Build.0 = Debug|Any CPU
		{607DD0EB-7D42-449D-90D6-9C4EFD879A57}.Release|Any CPU.ActiveCfg = Release|Any CPU
		{607DD0EB-7D42-449D-90D6-9C4EFD879A57}.Release|Any CPU.Build.0 = Release|Any CPU
	EndGlobalSection
	GlobalSection(SolutionProperties) = preSolution
		HideSolutionNode = FALSE
	EndGlobalSection
	GlobalSection(ExtensibilityGlobals) = postSolution
		SolutionGuid = {88F03698-A4F3-4FEB-A49E-8EECAE263105}
	EndGlobalSection
EndGlobal
